
Microsoft Visual Studio Solution File, Format Version 12.00
# Visual Studio Version 16
VisualStudioVersion = 16.0.31613.86
MinimumVisualStudioVersion = 10.0.40219.1
Project("{9A19103F-16F7-4668-BE54-9A1E7A4F7556}") = "CarRentingApp", "CarRentingApp\CarRentingApp.csproj", "{DFCE74E0-2BDD-4656-B8EC-6E62A1241212}"
EndProject
Project("{FAE04EC0-301F-11D3-BF4B-00C04F79EFBC}") = "Testing", "Testing\Testing.csproj", "{A5B97380-47B7-45E0-B0AF-0B08B70FEEB4}"
EndProject
Global
	GlobalSection(SolutionConfigurationPlatforms) = preSolution
		Debug|Any CPU = Debug|Any CPU
		Release|Any CPU = Release|Any CPU
	EndGlobalSection
	GlobalSection(ProjectConfigurationPlatforms) = postSolution
		{DFCE74E0-2BDD-4656-B8EC-6E62A1241212}.Debug|Any CPU.ActiveCfg = Debug|Any CPU
		{DFCE74E0-2BDD-4656-B8EC-6E62A1241212}.Debug|Any CPU.Build.0 = Debug|Any CPU
		{DFCE74E0-2BDD-4656-B8EC-6E62A1241212}.Release|Any CPU.ActiveCfg = Release|Any CPU
		{DFCE74E0-2BDD-4656-B8EC-6E62A1241212}.Release|Any CPU.Build.0 = Release|Any CPU
		{A5B97380-47B7-45E0-B0AF-0B08B70FEEB4}.Debug|Any CPU.ActiveCfg = Debug|Any CPU
		{A5B97380-47B7-45E0-B0AF-0B08B70FEEB4}.Debug|Any CPU.Build.0 = Debug|Any CPU
		{A5B97380-47B7-45E0-B0AF-0B08B70FEEB4}.Release|Any CPU.ActiveCfg = Release|Any CPU
		{A5B97380-47B7-45E0-B0AF-0B08B70FEEB4}.Release|Any CPU.Build.0 = Release|Any CPU
	EndGlobalSection
	GlobalSection(SolutionProperties) = preSolution
		HideSolutionNode = FALSE
	EndGlobalSection
	GlobalSection(ExtensibilityGlobals) = postSolution
		SolutionGuid = {F62F7EE4-73AC-4031-B6C8-A98C24EAE082}
	EndGlobalSection
EndGlobal
